# This file is generated by running "yarn install" inside your project.
# Manual changes might be lost - proceed with caution!

__metadata:
  version: 8
  cacheKey: 10c0

"lodash@npm:4.1.0":
  version: 4.1.0
  resolution: "lodash@npm:4.1.0"
  checksum: 10c0/1b2a8b1ed9681cbcece307721b61ec3825c137ed657f10c3a68882466bd59f99aeabf4cdc568c2d3d0603a94c404724b45b46c3837b8238b89e2bcd71d8911e2
  languageName: node
  linkType: hard

"renovate-test@workspace:.":
  version: 0.0.0-use.local
  resolution: "renovate-test@workspace:."
  languageName: unknown
  linkType: soft

"test-package@workspace:packages/test":
  version: 0.0.0-use.local
  resolution: "test-package@workspace:packages/test"
  dependencies:
    lodash: "npm:4.0.0"
  languageName: unknown
  linkType: soft
